
Microsoft Visual Studio Solution File, Format Version 12.00
# Visual Studio 14
VisualStudioVersion = 14.0.25420.1
MinimumVisualStudioVersion = 10.0.40219.1
Project("{2150E333-8FDC-42A3-9474-1A3956D46DE8}") = "Files", "Files", "{F960CEAB-2C15-4617-9BA9-68E8CEBD9920}"
	ProjectSection(SolutionItems) = preProject
		CHANGELOG = CHANGELOG
		LICENSE = LICENSE
		README.md = README.md
	EndProjectSection
EndProject
Project("{FAE04EC0-301F-11D3-BF4B-00C04F79EFBC}") = "RJP.MultiUrlPicker", "src\RJP.MultiUrlPicker\RJP.MultiUrlPicker.csproj", "{2553C499-3593-43ED-95D6-39B03CC61ED1}"
EndProject
Global
	GlobalSection(SolutionConfigurationPlatforms) = preSolution
		Debug|Any CPU = Debug|Any CPU
		Release|Any CPU = Release|Any CPU
	EndGlobalSection
	GlobalSection(ProjectConfigurationPlatforms) = postSolution
		{2553C499-3593-43ED-95D6-39B03CC61ED1}.Debug|Any CPU.ActiveCfg = Debug|Any CPU
		{2553C499-3593-43ED-95D6-39B03CC61ED1}.Debug|Any CPU.Build.0 = Debug|Any CPU
		{2553C499-3593-43ED-95D6-39B03CC61ED1}.Release|Any CPU.ActiveCfg = Release|Any CPU
		{2553C499-3593-43ED-95D6-39B03CC61ED1}.Release|Any CPU.Build.0 = Release|Any CPU
	EndGlobalSection
	GlobalSection(SolutionProperties) = preSolution
		HideSolutionNode = FALSE
	EndGlobalSection
EndGlobal
